// !$*UTF8*$!
{
	archiveVersion = 1;
	classes = {
	};
	objectVersion = 46;
	objects = {

/* Begin PBXBuildFile section */
		8381E2BC1C8975C400F07819 /* main.m in Sources */ = {isa = PBXBuildFile; fileRef = 8381E2BB1C8975C400F07819 /* main.m */; };
		8381E2BF1C8975C400F07819 /* AppDelegate.m in Sources */ = {isa = PBXBuildFile; fileRef = 8381E2BE1C8975C400F07819 /* AppDelegate.m */; };
		8381E2C21C8975C400F07819 /* ViewController.m in Sources */ = {isa = PBXBuildFile; fileRef = 8381E2C11C8975C400F07819 /* ViewController.m */; };
		8381E2C51C8975C400F07819 /* Main.storyboard in Resources */ = {isa = PBXBuildFile; fileRef = 8381E2C31C8975C400F07819 /* Main.storyboard */; };
		8381E2C71C8975C400F07819 /* Assets.xcassets in Resources */ = {isa = PBXBuildFile; fileRef = 8381E2C61C8975C400F07819 /* Assets.xcassets */; };
		8381E2CA1C8975C400F07819 /* LaunchScreen.storyboard in Resources */ = {isa = PBXBuildFile; fileRef = 8381E2C81C8975C400F07819 /* LaunchScreen.storyboard */; };
		8381E2D41C897A2B00F07819 /* LWWeatherBackgroundView.m in Sources */ = {isa = PBXBuildFile; fileRef = 8381E2D31C897A2B00F07819 /* LWWeatherBackgroundView.m */; };
		839B3F5D1C8988500099D46C /* weatherImg.bundle in Resources */ = {isa = PBXBuildFile; fileRef = 839B3F5C1C8988500099D46C /* weatherImg.bundle */; };
/* End PBXBuildFile section */

/* Begin PBXFileReference section */
		8381E2B71C8975C400F07819 /* ParticlesDemo.app */ = {isa = PBXFileReference; explicitFileType = wrapper.application; includeInIndex = 0; path = ParticlesDemo.app; sourceTree = BUILT_PRODUCTS_DIR; };
		8381E2BB1C8975C400F07819 /* main.m */ = {isa = PBXFileReference; lastKnownFileType = sourcecode.c.objc; path = main.m; sourceTree = "<group>"; };
		8381E2BD1C8975C400F07819 /* AppDelegate.h */ = {isa = PBXFileReference; lastKnownFileType = sourcecode.c.h; path = AppDelegate.h; sourceTree = "<group>"; };
		8381E2BE1C8975C400F07819 /* AppDelegate.m */ = {isa = PBXFileReference; lastKnownFileType = sourcecode.c.objc; path = AppDelegate.m; sourceTree = "<group>"; };
		8381E2C01C8975C400F07819 /* ViewController.h */ = {isa = PBXFileReference; lastKnownFileType = sourcecode.c.h; path = ViewController.h; sourceTree = "<group>"; };
		8381E2C11C8975C400F07819 /* ViewController.m */ = {isa = PBXFileReference; lastKnownFileType = sourcecode.c.objc; path = ViewController.m; sourceTree = "<group>"; };
		8381E2C41C8975C400F07819 /* Base */ = {isa = PBXFileReference; lastKnownFileType = file.storyboard; name = Base; path = Base.lproj/Main.storyboard; sourceTree = "<group>"; };
		8381E2C61C8975C400F07819 /* Assets.xcassets */ = {isa = PBXFileReference; lastKnownFileType = folder.assetcatalog; path = Assets.xcassets; sourceTree = "<group>"; };
		8381E2C91C8975C400F07819 /* Base */ = {isa = PBXFileReference; lastKnownFileType = file.storyboard; name = Base; path = Base.lproj/LaunchScreen.storyboard; sourceTree = "<group>"; };
		8381E2CB1C8975C400F07819 /* Info.plist */ = {isa = PBXFileReference; lastKnownFileType = text.plist.xml; path = Info.plist; sourceTree = "<group>"; };
		8381E2D21C897A2B00F07819 /* LWWeatherBackgroundView.h */ = {isa = PBXFileReference; fileEncoding = 4; lastKnownFileType = sourcecode.c.h; path = LWWeatherBackgroundView.h; sourceTree = "<group>"; };
		8381E2D31C897A2B00F07819 /* LWWeatherBackgroundView.m */ = {isa = PBXFileReference; fileEncoding = 4; lastKnownFileType = sourcecode.c.objc; path = LWWeatherBackgroundView.m; sourceTree = "<group>"; };
		839B3F5C1C8988500099D46C /* weatherImg.bundle */ = {isa = PBXFileReference; lastKnownFileType = "wrapper.plug-in"; path = weatherImg.bundle; sourceTree = "<group>"; };
/* End PBXFileReference section */

/* Begin PBXFrameworksBuildPhase section */
		8381E2B41C8975C400F07819 /* Frameworks */ = {
			isa = PBXFrameworksBuildPhase;
			buildActionMask = 2147483647;
			files = (
			);
			runOnlyForDeploymentPostprocessing = 0;
		};
/* End PBXFrameworksBuildPhase section */

/* Begin PBXGroup section */
		8381E2AE1C8975C400F07819 = {
			isa = PBXGroup;
			children = (
				8381E2B91C8975C400F07819 /* ParticlesDemo */,
				8381E2B81C8975C400F07819 /* Products */,
			);
			sourceTree = "<group>";
		};
		8381E2B81C8975C400F07819 /* Products */ = {
			isa = PBXGroup;
			children = (
				8381E2B71C8975C400F07819 /* ParticlesDemo.app */,
			);
			name = Products;
			sourceTree = "<group>";
		};
		8381E2B91C8975C400F07819 /* ParticlesDemo */ = {
			isa = PBXGroup;
			children = (
				8381E2D11C8979E100F07819 /* LWWeatherBackgroundView */,
				8381E2BD1C8975C400F07819 /* AppDelegate.h */,
				8381E2BE1C8975C400F07819 /* AppDelegate.m */,
				8381E2C01C8975C400F07819 /* ViewController.h */,
				8381E2C11C8975C400F07819 /* ViewController.m */,
				8381E2C31C8975C400F07819 /* Main.storyboard */,
				8381E2C61C8975C400F07819 /* Assets.xcassets */,
				8381E2C81C8975C400F07819 /* LaunchScreen.storyboard */,
				8381E2CB1C8975C400F07819 /* Info.plist */,
				8381E2BA1C8975C400F07819 /* Supporting Files */,
			);
			path = ParticlesDemo;
			sourceTree = "<group>";
		};
		8381E2BA1C8975C400F07819 /* Supporting Files */ = {
			isa = PBXGroup;
			children = (
				8381E2BB1C8975C400F07819 /* main.m */,
			);
			name = "Supporting Files";
			sourceTree = "<group>";
		};
		8381E2D11C8979E100F07819 /* LWWeatherBackgroundView */ = {
			isa = PBXGroup;
			children = (
				839B3F5C1C8988500099D46C /* weatherImg.bundle */,
				8381E2D21C897A2B00F07819 /* LWWeatherBackgroundView.h */,
				8381E2D31C897A2B00F07819 /* LWWeatherBackgroundView.m */,
			);
			path = LWWeatherBackgroundView;
			sourceTree = "<group>";
		};
/* End PBXGroup section */

/* Begin PBXNativeTarget section */
		8381E2B61C8975C400F07819 /* ParticlesDemo */ = {
			isa = PBXNativeTarget;
			buildConfigurationList = 8381E2CE1C8975C400F07819 /* Build configuration list for PBXNativeTarget "ParticlesDemo" */;
			buildPhases = (
				8381E2B31C8975C400F07819 /* Sources */,
				8381E2B41C8975C400F07819 /* Frameworks */,
				8381E2B51C8975C400F07819 /* Resources */,
			);
			buildRules = (
			);
			dependencies = (
			);
			name = ParticlesDemo;
			productName = ParticlesDemo;
			productReference = 8381E2B71C8975C400F07819 /* ParticlesDemo.app */;
			productType = "com.apple.product-type.application";
		};
/* End PBXNativeTarget section */

/* Begin PBXProject section */
		8381E2AF1C8975C400F07819 /* Project object */ = {
			isa = PBXProject;
			attributes = {
				LastUpgradeCheck = 0720;
				ORGANIZATIONNAME = ClassWizard;
				TargetAttributes = {
					8381E2B61C8975C400F07819 = {
						CreatedOnToolsVersion = 7.2.1;
					};
				};
			};
			buildConfigurationList = 8381E2B21C8975C400F07819 /* Build configuration list for PBXProject "ParticlesDemo" */;
			compatibilityVersion = "Xcode 3.2";
			developmentRegion = English;
			hasScannedForEncodings = 0;
			knownRegions = (
				en,
				Base,
			);
			mainGroup = 8381E2AE1C8975C400F07819;
			productRefGroup = 8381E2B81C8975C400F07819 /* Products */;
			projectDirPath = "";
			projectRoot = "";
			targets = (
				8381E2B61C8975C400F07819 /* ParticlesDemo */,
			);
		};
/* End PBXProject section */

/* Begin PBXResourcesBuildPhase section */
		8381E2B51C8975C400F07819 /* Resources */ = {
			isa = PBXResourcesBuildPhase;
			buildActionMask = 2147483647;
			files = (
				8381E2CA1C8975C400F07819 /* LaunchScreen.storyboard in Resources */,
				8381E2C71C8975C400F07819 /* Assets.xcassets in Resources */,
				839B3F5D1C8988500099D46C /* weatherImg.bundle in Resources */,
				8381E2C51C8975C400F07819 /* Main.storyboard in Resources */,
			);
			runOnlyForDeploymentPostprocessing = 0;
		};
/* End PBXResourcesBuildPhase section */

/* Begin PBXSourcesBuildPhase section */
		8381E2B31C8975C400F07819 /* Sources */ = {
			isa = PBXSourcesBuildPhase;
			buildActionMask = 2147483647;
			files = (
				8381E2C21C8975C400F07819 /* ViewController.m in Sources */,
				8381E2BF1C8975C400F07819 /* AppDelegate.m in Sources */,
				8381E2D41C897A2B00F07819 /* LWWeatherBackgroundView.m in Sources */,
				8381E2BC1C8975C400F07819 /* main.m in Sources */,
			);
			runOnlyForDeploymentPostprocessing = 0;
		};
/* End PBXSourcesBuildPhase section */

/* Begin PBXVariantGroup section */
		8381E2C31C8975C400F07819 /* Main.storyboard */ = {
			isa = PBXVariantGroup;
			children = (
				8381E2C41C8975C400F07819 /* Base */,
			);
			name = Main.storyboard;
			sourceTree = "<group>";
		};
		8381E2C81C8975C400F07819 /* LaunchScreen.storyboard */ = {
			isa = PBXVariantGroup;
			children = (
				8381E2C91C8975C400F07819 /* Base */,
			);
			name = LaunchScreen.storyboard;
			sourceTree = "<group>";
		};
/* End PBXVariantGroup section */

/* Begin XCBuildConfiguration section */
		8381E2CC1C8975C400F07819 /* Debug */ = {
			isa = XCBuildConfiguration;
			buildSettings = {
				ALWAYS_SEARCH_USER_PATHS = NO;
				CLANG_CXX_LANGUAGE_STANDARD = "gnu++0x";
				CLANG_CXX_LIBRARY = "libc++";
				CLANG_ENABLE_MODULES = YES;
				CLANG_ENABLE_OBJC_ARC = YES;
				CLANG_WARN_BOOL_CONVERSION = YES;
				CLANG_WARN_CONSTANT_CONVERSION = YES;
				CLANG_WARN_DIRECT_OBJC_ISA_USAGE = YES_ERROR;
				CLANG_WARN_EMPTY_BODY = YES;
				CLANG_WARN_ENUM_CONVERSION = YES;
				CLANG_WARN_INT_CONVERSION = YES;
				CLANG_WARN_OBJC_ROOT_CLASS = YES_ERROR;
				CLANG_WARN_UNREACHABLE_CODE = YES;
				CLANG_WARN__DUPLICATE_METHOD_MATCH = YES;
				"CODE_SIGN_IDENTITY[sdk=iphoneos*]" = "iPhone Developer";
				COPY_PHASE_STRIP = NO;
				DEBUG_INFORMATION_FORMAT = dwarf;
				ENABLE_STRICT_OBJC_MSGSEND = YES;
				ENABLE_TESTABILITY = YES;
				GCC_C_LANGUAGE_STANDARD = gnu99;
				GCC_DYNAMIC_NO_PIC = NO;
				GCC_NO_COMMON_BLOCKS = YES;
				GCC_OPTIMIZATION_LEVEL = 0;
				GCC_PREPROCESSOR_DEFINITIONS = (
					"DEBUG=1",
					"$(inherited)",
				);
				GCC_WARN_64_TO_32_BIT_CONVERSION = YES;
				GCC_WARN_ABOUT_RETURN_TYPE = YES_ERROR;
				GCC_WARN_UNDECLARED_SELECTOR = YES;
				GCC_WARN_UNINITIALIZED_AUTOS = YES_AGGRESSIVE;
				GCC_WARN_UNUSED_FUNCTION = YES;
				GCC_WARN_UNUSED_VARIABLE = YES;
				IPHONEOS_DEPLOYMENT_TARGET = 9.2;
				MTL_ENABLE_DEBUG_INFO = YES;
				ONLY_ACTIVE_ARCH = YES;
				SDKROOT = iphoneos;
			};
			name = Debug;
		};
		8381E2CD1C8975C400F07819 /* Release */ = {
			isa = XCBuildConfiguration;
			buildSettings = {
				ALWAYS_SEARCH_USER_PATHS = NO;
				CLANG_CXX_LANGUAGE_STANDARD = "gnu++0x";
				CLANG_CXX_LIBRARY = "libc++";
				CLANG_ENABLE_MODULES = YES;
				CLANG_ENABLE_OBJC_ARC = YES;
				CLANG_WARN_BOOL_CONVERSION = YES;
				CLANG_WARN_CONSTANT_CONVERSION = YES;
				CLANG_WARN_DIRECT_OBJC_ISA_USAGE = YES_ERROR;
				CLANG_WARN_EMPTY_BODY = YES;
				CLANG_WARN_ENUM_CONVERSION = YES;
				CLANG_WARN_INT_CONVERSION = YES;
				CLANG_WARN_OBJC_ROOT_CLASS = YES_ERROR;
				CLANG_WARN_UNREACHABLE_CODE = YES;
				CLANG_WARN__DUPLICATE_METHOD_MATCH = YES;
				"CODE_SIGN_IDENTITY[sdk=iphoneos*]" = "iPhone Developer";
				COPY_PHASE_STRIP = NO;
				DEBUG_INFORMATION_FORMAT = "dwarf-with-dsym";
				ENABLE_NS_ASSERTIONS = NO;
				ENABLE_STRICT_OBJC_MSGSEND = YES;
				GCC_C_LANGUAGE_STANDARD = gnu99;
				GCC_NO_COMMON_BLOCKS = YES;
				GCC_WARN_64_TO_32_BIT_CONVERSION = YES;
				GCC_WARN_ABOUT_RETURN_TYPE = YES_ERROR;
				GCC_WARN_UNDECLARED_SELECTOR = YES;
				GCC_WARN_UNINITIALIZED_AUTOS = YES_AGGRESSIVE;
				GCC_WARN_UNUSED_FUNCTION = YES;
				GCC_WARN_UNUSED_VARIABLE = YES;
				IPHONEOS_DEPLOYMENT_TARGET = 9.2;
				MTL_ENABLE_DEBUG_INFO = NO;
				SDKROOT = iphoneos;
				VALIDATE_PRODUCT = YES;
			};
			name = Release;
		};
		8381E2CF1C8975C400F07819 /* Debug */ = {
			isa = XCBuildConfiguration;
			buildSettings = {
				ASSETCATALOG_COMPILER_APPICON_NAME = AppIcon;
				INFOPLIST_FILE = ParticlesDemo/Info.plist;
				LD_RUNPATH_SEARCH_PATHS = "$(inherited) @executable_path/Frameworks";
				PRODUCT_BUNDLE_IDENTIFIER = com.ClassWizard.ParticlesDemo;
				PRODUCT_NAME = "$(TARGET_NAME)";
			};
			name = Debug;
		};
		8381E2D01C8975C400F07819 /* Release */ = {
			isa = XCBuildConfiguration;
			buildSettings = {
				ASSETCATALOG_COMPILER_APPICON_NAME = AppIcon;
				INFOPLIST_FILE = ParticlesDemo/Info.plist;
				LD_RUNPATH_SEARCH_PATHS = "$(inherited) @executable_path/Frameworks";
				PRODUCT_BUNDLE_IDENTIFIER = com.ClassWizard.ParticlesDemo;
				PRODUCT_NAME = "$(TARGET_NAME)";
			};
			name = Release;
		};
/* End XCBuildConfiguration section */

/* Begin XCConfigurationList section */
		8381E2B21C8975C400F07819 /* Build configuration list for PBXProject "ParticlesDemo" */ = {
			isa = XCConfigurationList;
			buildConfigurations = (
				8381E2CC1C8975C400F07819 /* Debug */,
				8381E2CD1C8975C400F07819 /* Release */,
			);
			defaultConfigurationIsVisible = 0;
			defaultConfigurationName = Release;
		};
		8381E2CE1C8975C400F07819 /* Build configuration list for PBXNativeTarget "ParticlesDemo" */ = {
			isa = XCConfigurationList;
			buildConfigurations = (
				8381E2CF1C8975C400F07819 /* Debug */,
				8381E2D01C8975C400F07819 /* Release */,
			);
			defaultConfigurationIsVisible = 0;
			defaultConfigurationName = Release;
		};
/* End XCConfigurationList section */
	};
	rootObject = 8381E2AF1C8975C400F07819 /* Project object */;
}
